// !$*UTF8*$!
{
	archiveVersion = 1;
	classes = {
	};
	objectVersion = 50;
	objects = {

/* Begin PBXBuildFile section */
		96312FDD22FB6CAB00127F4A /* MemeDetailViewController.swift in Sources */ = {isa = PBXBuildFile; fileRef = 96312FDC22FB6CAB00127F4A /* MemeDetailViewController.swift */; };
		9680364A22ECB191007A13E1 /* Mame.swift in Sources */ = {isa = PBXBuildFile; fileRef = 9680364922ECB191007A13E1 /* Mame.swift */; };
		9680364C22ECB5DC007A13E1 /* SentMemesTableViewController.swift in Sources */ = {isa = PBXBuildFile; fileRef = 9680364B22ECB5DC007A13E1 /* SentMemesTableViewController.swift */; };
		9680364E22ECB60A007A13E1 /* SentMemesCollectionViewController.swift in Sources */ = {isa = PBXBuildFile; fileRef = 9680364D22ECB60A007A13E1 /* SentMemesCollectionViewController.swift */; };
		9680365022ECCC8F007A13E1 /* MemeCollectionViewCell.swift in Sources */ = {isa = PBXBuildFile; fileRef = 9680364F22ECCC8F007A13E1 /* MemeCollectionViewCell.swift */; };
		96DF201122BAB27300DCD3AD /* AppDelegate.swift in Sources */ = {isa = PBXBuildFile; fileRef = 96DF201022BAB27300DCD3AD /* AppDelegate.swift */; };
		96DF201322BAB27300DCD3AD /* MemeEditorViewController.swift in Sources */ = {isa = PBXBuildFile; fileRef = 96DF201222BAB27300DCD3AD /* MemeEditorViewController.swift */; };
		96DF201622BAB27300DCD3AD /* Main.storyboard in Resources */ = {isa = PBXBuildFile; fileRef = 96DF201422BAB27300DCD3AD /* Main.storyboard */; };
		96DF201822BAB27400DCD3AD /* Assets.xcassets in Resources */ = {isa = PBXBuildFile; fileRef = 96DF201722BAB27400DCD3AD /* Assets.xcassets */; };
		96DF201B22BAB27400DCD3AD /* LaunchScreen.storyboard in Resources */ = {isa = PBXBuildFile; fileRef = 96DF201922BAB27400DCD3AD /* LaunchScreen.storyboard */; };
/* End PBXBuildFile section */

/* Begin PBXFileReference section */
		96312FDC22FB6CAB00127F4A /* MemeDetailViewController.swift */ = {isa = PBXFileReference; lastKnownFileType = sourcecode.swift; path = MemeDetailViewController.swift; sourceTree = "<group>"; };
		9680364922ECB191007A13E1 /* Mame.swift */ = {isa = PBXFileReference; lastKnownFileType = sourcecode.swift; path = Mame.swift; sourceTree = "<group>"; };
		9680364B22ECB5DC007A13E1 /* SentMemesTableViewController.swift */ = {isa = PBXFileReference; lastKnownFileType = sourcecode.swift; path = SentMemesTableViewController.swift; sourceTree = "<group>"; };
		9680364D22ECB60A007A13E1 /* SentMemesCollectionViewController.swift */ = {isa = PBXFileReference; lastKnownFileType = sourcecode.swift; path = SentMemesCollectionViewController.swift; sourceTree = "<group>"; };
		9680364F22ECCC8F007A13E1 /* MemeCollectionViewCell.swift */ = {isa = PBXFileReference; lastKnownFileType = sourcecode.swift; path = MemeCollectionViewCell.swift; sourceTree = "<group>"; };
		96DF200D22BAB27300DCD3AD /* MemeMe.app */ = {isa = PBXFileReference; explicitFileType = wrapper.application; includeInIndex = 0; path = MemeMe.app; sourceTree = BUILT_PRODUCTS_DIR; };
		96DF201022BAB27300DCD3AD /* AppDelegate.swift */ = {isa = PBXFileReference; lastKnownFileType = sourcecode.swift; path = AppDelegate.swift; sourceTree = "<group>"; };
		96DF201222BAB27300DCD3AD /* MemeEditorViewController.swift */ = {isa = PBXFileReference; lastKnownFileType = sourcecode.swift; path = MemeEditorViewController.swift; sourceTree = "<group>"; };
		96DF201522BAB27300DCD3AD /* Base */ = {isa = PBXFileReference; lastKnownFileType = file.storyboard; name = Base; path = Base.lproj/Main.storyboard; sourceTree = "<group>"; };
		96DF201722BAB27400DCD3AD /* Assets.xcassets */ = {isa = PBXFileReference; lastKnownFileType = folder.assetcatalog; path = Assets.xcassets; sourceTree = "<group>"; };
		96DF201A22BAB27400DCD3AD /* Base */ = {isa = PBXFileReference; lastKnownFileType = file.storyboard; name = Base; path = Base.lproj/LaunchScreen.storyboard; sourceTree = "<group>"; };
		96DF201C22BAB27400DCD3AD /* Info.plist */ = {isa = PBXFileReference; lastKnownFileType = text.plist.xml; path = Info.plist; sourceTree = "<group>"; };
/* End PBXFileReference section */

/* Begin PBXFrameworksBuildPhase section */
		96DF200A22BAB27300DCD3AD /* Frameworks */ = {
			isa = PBXFrameworksBuildPhase;
			buildActionMask = 2147483647;
			files = (
			);
			runOnlyForDeploymentPostprocessing = 0;
		};
/* End PBXFrameworksBuildPhase section */

/* Begin PBXGroup section */
		96DF200422BAB27300DCD3AD = {
			isa = PBXGroup;
			children = (
				96DF200F22BAB27300DCD3AD /* MemeMe */,
				96DF200E22BAB27300DCD3AD /* Products */,
			);
			sourceTree = "<group>";
		};
		96DF200E22BAB27300DCD3AD /* Products */ = {
			isa = PBXGroup;
			children = (
				96DF200D22BAB27300DCD3AD /* MemeMe.app */,
			);
			name = Products;
			sourceTree = "<group>";
		};
		96DF200F22BAB27300DCD3AD /* MemeMe */ = {
			isa = PBXGroup;
			children = (
				96DF201022BAB27300DCD3AD /* AppDelegate.swift */,
				96DF201222BAB27300DCD3AD /* MemeEditorViewController.swift */,
				96DF201422BAB27300DCD3AD /* Main.storyboard */,
				96DF201722BAB27400DCD3AD /* Assets.xcassets */,
				96DF201922BAB27400DCD3AD /* LaunchScreen.storyboard */,
				96DF201C22BAB27400DCD3AD /* Info.plist */,
				9680364922ECB191007A13E1 /* Mame.swift */,
				9680364B22ECB5DC007A13E1 /* SentMemesTableViewController.swift */,
				9680364D22ECB60A007A13E1 /* SentMemesCollectionViewController.swift */,
				9680364F22ECCC8F007A13E1 /* MemeCollectionViewCell.swift */,
				96312FDC22FB6CAB00127F4A /* MemeDetailViewController.swift */,
			);
			path = MemeMe;
			sourceTree = "<group>";
		};
/* End PBXGroup section */

/* Begin PBXNativeTarget section */
		96DF200C22BAB27300DCD3AD /* MemeMe */ = {
			isa = PBXNativeTarget;
			buildConfigurationList = 96DF201F22BAB27400DCD3AD /* Build configuration list for PBXNativeTarget "MemeMe" */;
			buildPhases = (
				96DF200922BAB27300DCD3AD /* Sources */,
				96DF200A22BAB27300DCD3AD /* Frameworks */,
				96DF200B22BAB27300DCD3AD /* Resources */,
			);
			buildRules = (
			);
			dependencies = (
			);
			name = MemeMe;
			productName = PickAndDisplayImage;
			productReference = 96DF200D22BAB27300DCD3AD /* MemeMe.app */;
			productType = "com.apple.product-type.application";
		};
/* End PBXNativeTarget section */

/* Begin PBXProject section */
		96DF200522BAB27300DCD3AD /* Project object */ = {
			isa = PBXProject;
			attributes = {
				LastSwiftUpdateCheck = 1010;
				LastUpgradeCheck = 1010;
				ORGANIZATIONNAME = pk;
				TargetAttributes = {
					96DF200C22BAB27300DCD3AD = {
						CreatedOnToolsVersion = 10.1;
					};
				};
			};
			buildConfigurationList = 96DF200822BAB27300DCD3AD /* Build configuration list for PBXProject "MemeMe" */;
			compatibilityVersion = "Xcode 9.3";
			developmentRegion = en;
			hasScannedForEncodings = 0;
			knownRegions = (
				en,
				Base,
			);
			mainGroup = 96DF200422BAB27300DCD3AD;
			productRefGroup = 96DF200E22BAB27300DCD3AD /* Products */;
			projectDirPath = "";
			projectRoot = "";
			targets = (
				96DF200C22BAB27300DCD3AD /* MemeMe */,
			);
		};
/* End PBXProject section */

/* Begin PBXResourcesBuildPhase section */
		96DF200B22BAB27300DCD3AD /* Resources */ = {
			isa = PBXResourcesBuildPhase;
			buildActionMask = 2147483647;
			files = (
				96DF201B22BAB27400DCD3AD /* LaunchScreen.storyboard in Resources */,
				96DF201822BAB27400DCD3AD /* Assets.xcassets in Resources */,
				96DF201622BAB27300DCD3AD /* Main.storyboard in Resources */,
			);
			runOnlyForDeploymentPostprocessing = 0;
		};
/* End PBXResourcesBuildPhase section */

/* Begin PBXSourcesBuildPhase section */
		96DF200922BAB27300DCD3AD /* Sources */ = {
			isa = PBXSourcesBuildPhase;
			buildActionMask = 2147483647;
			files = (
				9680365022ECCC8F007A13E1 /* MemeCollectionViewCell.swift in Sources */,
				96DF201322BAB27300DCD3AD /* MemeEditorViewController.swift in Sources */,
				96DF201122BAB27300DCD3AD /* AppDelegate.swift in Sources */,
				9680364E22ECB60A007A13E1 /* SentMemesCollectionViewController.swift in Sources */,
				96312FDD22FB6CAB00127F4A /* MemeDetailViewController.swift in Sources */,
				9680364A22ECB191007A13E1 /* Mame.swift in Sources */,
				9680364C22ECB5DC007A13E1 /* SentMemesTableViewController.swift in Sources */,
			);
			runOnlyForDeploymentPostprocessing = 0;
		};
/* End PBXSourcesBuildPhase section */

/* Begin PBXVariantGroup section */
		96DF201422BAB27300DCD3AD /* Main.storyboard */ = {
			isa = PBXVariantGroup;
			children = (
				96DF201522BAB27300DCD3AD /* Base */,
			);
			name = Main.storyboard;
			sourceTree = "<group>";
		};
		96DF201922BAB27400DCD3AD /* LaunchScreen.storyboard */ = {
			isa = PBXVariantGroup;
			children = (
				96DF201A22BAB27400DCD3AD /* Base */,
			);
			name = LaunchScreen.storyboard;
			sourceTree = "<group>";
		};
/* End PBXVariantGroup section */

/* Begin XCBuildConfiguration section */
		96DF201D22BAB27400DCD3AD /* Debug */ = {
			isa = XCBuildConfiguration;
			buildSettings = {
				ALWAYS_SEARCH_USER_PATHS = NO;
				CLANG_ANALYZER_NONNULL = YES;
				CLANG_ANALYZER_NUMBER_OBJECT_CONVERSION = YES_AGGRESSIVE;
				CLANG_CXX_LANGUAGE_STANDARD = "gnu++14";
				CLANG_CXX_LIBRARY = "libc++";
				CLANG_ENABLE_MODULES = YES;
				CLANG_ENABLE_OBJC_ARC = YES;
				CLANG_ENABLE_OBJC_WEAK = YES;
				CLANG_WARN_BLOCK_CAPTURE_AUTORELEASING = YES;
				CLANG_WARN_BOOL_CONVERSION = YES;
				CLANG_WARN_COMMA = YES;
				CLANG_WARN_CONSTANT_CONVERSION = YES;
				CLANG_WARN_DEPRECATED_OBJC_IMPLEMENTATIONS = YES;
				CLANG_WARN_DIRECT_OBJC_ISA_USAGE = YES_ERROR;
				CLANG_WARN_DOCUMENTATION_COMMENTS = YES;
				CLANG_WARN_EMPTY_BODY = YES;
				CLANG_WARN_ENUM_CONVERSION = YES;
				CLANG_WARN_INFINITE_RECURSION = YES;
				CLANG_WARN_INT_CONVERSION = YES;
				CLANG_WARN_NON_LITERAL_NULL_CONVERSION = YES;
				CLANG_WARN_OBJC_IMPLICIT_RETAIN_SELF = YES;
				CLANG_WARN_OBJC_LITERAL_CONVERSION = YES;
				CLANG_WARN_OBJC_ROOT_CLASS = YES_ERROR;
				CLANG_WARN_RANGE_LOOP_ANALYSIS = YES;
				CLANG_WARN_STRICT_PROTOTYPES = YES;
				CLANG_WARN_SUSPICIOUS_MOVE = YES;
				CLANG_WARN_UNGUARDED_AVAILABILITY = YES_AGGRESSIVE;
				CLANG_WARN_UNREACHABLE_CODE = YES;
				CLANG_WARN__DUPLICATE_METHOD_MATCH = YES;
				CODE_SIGN_IDENTITY = "iPhone Developer";
				COPY_PHASE_STRIP = NO;
				DEBUG_INFORMATION_FORMAT = dwarf;
				ENABLE_STRICT_OBJC_MSGSEND = YES;
				ENABLE_TESTABILITY = YES;
				GCC_C_LANGUAGE_STANDARD = gnu11;
				GCC_DYNAMIC_NO_PIC = NO;
				GCC_NO_COMMON_BLOCKS = YES;
				GCC_OPTIMIZATION_LEVEL = 0;
				GCC_PREPROCESSOR_DEFINITIONS = (
					"DEBUG=1",
					"$(inherited)",
				);
				GCC_WARN_64_TO_32_BIT_CONVERSION = YES;
				GCC_WARN_ABOUT_RETURN_TYPE = YES_ERROR;
				GCC_WARN_UNDECLARED_SELECTOR = YES;
				GCC_WARN_UNINITIALIZED_AUTOS = YES_AGGRESSIVE;
				GCC_WARN_UNUSED_FUNCTION = YES;
				GCC_WARN_UNUSED_VARIABLE = YES;
				IPHONEOS_DEPLOYMENT_TARGET = 12.1;
				MTL_ENABLE_DEBUG_INFO = INCLUDE_SOURCE;
				MTL_FAST_MATH = YES;
				ONLY_ACTIVE_ARCH = YES;
				SDKROOT = iphoneos;
				SWIFT_ACTIVE_COMPILATION_CONDITIONS = DEBUG;
				SWIFT_OPTIMIZATION_LEVEL = "-Onone";
			};
			name = Debug;
		};
		96DF201E22BAB27400DCD3AD /* Release */ = {
			isa = XCBuildConfiguration;
			buildSettings = {
				ALWAYS_SEARCH_USER_PATHS = NO;
				CLANG_ANALYZER_NONNULL = YES;
				CLANG_ANALYZER_NUMBER_OBJECT_CONVERSION = YES_AGGRESSIVE;
				CLANG_CXX_LANGUAGE_STANDARD = "gnu++14";
				CLANG_CXX_LIBRARY = "libc++";
				CLANG_ENABLE_MODULES = YES;
				CLANG_ENABLE_OBJC_ARC = YES;
				CLANG_ENABLE_OBJC_WEAK = YES;
				CLANG_WARN_BLOCK_CAPTURE_AUTORELEASING = YES;
				CLANG_WARN_BOOL_CONVERSION = YES;
				CLANG_WARN_COMMA = YES;
				CLANG_WARN_CONSTANT_CONVERSION = YES;
				CLANG_WARN_DEPRECATED_OBJC_IMPLEMENTATIONS = YES;
				CLANG_WARN_DIRECT_OBJC_ISA_USAGE = YES_ERROR;
				CLANG_WARN_DOCUMENTATION_COMMENTS = YES;
				CLANG_WARN_EMPTY_BODY = YES;
				CLANG_WARN_ENUM_CONVERSION = YES;
				CLANG_WARN_INFINITE_RECURSION = YES;
				CLANG_WARN_INT_CONVERSION = YES;
				CLANG_WARN_NON_LITERAL_NULL_CONVERSION = YES;
				CLANG_WARN_OBJC_IMPLICIT_RETAIN_SELF = YES;
				CLANG_WARN_OBJC_LITERAL_CONVERSION = YES;
				CLANG_WARN_OBJC_ROOT_CLASS = YES_ERROR;
				CLANG_WARN_RANGE_LOOP_ANALYSIS = YES;
				CLANG_WARN_STRICT_PROTOTYPES = YES;
				CLANG_WARN_SUSPICIOUS_MOVE = YES;
				CLANG_WARN_UNGUARDED_AVAILABILITY = YES_AGGRESSIVE;
				CLANG_WARN_UNREACHABLE_CODE = YES;
				CLANG_WARN__DUPLICATE_METHOD_MATCH = YES;
				CODE_SIGN_IDENTITY = "iPhone Developer";
				COPY_PHASE_STRIP = NO;
				DEBUG_INFORMATION_FORMAT = "dwarf-with-dsym";
				ENABLE_NS_ASSERTIONS = NO;
				ENABLE_STRICT_OBJC_MSGSEND = YES;
				GCC_C_LANGUAGE_STANDARD = gnu11;
				GCC_NO_COMMON_BLOCKS = YES;
				GCC_WARN_64_TO_32_BIT_CONVERSION = YES;
				GCC_WARN_ABOUT_RETURN_TYPE = YES_ERROR;
				GCC_WARN_UNDECLARED_SELECTOR = YES;
				GCC_WARN_UNINITIALIZED_AUTOS = YES_AGGRESSIVE;
				GCC_WARN_UNUSED_FUNCTION = YES;
				GCC_WARN_UNUSED_VARIABLE = YES;
				IPHONEOS_DEPLOYMENT_TARGET = 12.1;
				MTL_ENABLE_DEBUG_INFO = NO;
				MTL_FAST_MATH = YES;
				SDKROOT = iphoneos;
				SWIFT_COMPILATION_MODE = wholemodule;
				SWIFT_OPTIMIZATION_LEVEL = "-O";
				VALIDATE_PRODUCT = YES;
			};
			name = Release;
		};
		96DF202022BAB27400DCD3AD /* Debug */ = {
			isa = XCBuildConfiguration;
			buildSettings = {
				ASSETCATALOG_COMPILER_APPICON_NAME = AppIcon;
				CODE_SIGN_STYLE = Automatic;
				DEVELOPMENT_TEAM = W4M2UWL74N;
				INFOPLIST_FILE = MemeMe/Info.plist;
				LD_RUNPATH_SEARCH_PATHS = (
					"$(inherited)",
					"@executable_path/Frameworks",
				);
				PRODUCT_BUNDLE_IDENTIFIER = pk.MemeMe;
				PRODUCT_NAME = "$(TARGET_NAME)";
				SWIFT_VERSION = 4.2;
				TARGETED_DEVICE_FAMILY = "1,2";
			};
			name = Debug;
		};
		96DF202122BAB27400DCD3AD /* Release */ = {
			isa = XCBuildConfiguration;
			buildSettings = {
				ASSETCATALOG_COMPILER_APPICON_NAME = AppIcon;
				CODE_SIGN_STYLE = Automatic;
				DEVELOPMENT_TEAM = W4M2UWL74N;
				INFOPLIST_FILE = MemeMe/Info.plist;
				LD_RUNPATH_SEARCH_PATHS = (
					"$(inherited)",
					"@executable_path/Frameworks",
				);
				PRODUCT_BUNDLE_IDENTIFIER = pk.MemeMe;
				PRODUCT_NAME = "$(TARGET_NAME)";
				SWIFT_VERSION = 4.2;
				TARGETED_DEVICE_FAMILY = "1,2";
			};
			name = Release;
		};
/* End XCBuildConfiguration section */

/* Begin XCConfigurationList section */
		96DF200822BAB27300DCD3AD /* Build configuration list for PBXProject "MemeMe" */ = {
			isa = XCConfigurationList;
			buildConfigurations = (
				96DF201D22BAB27400DCD3AD /* Debug */,
				96DF201E22BAB27400DCD3AD /* Release */,
			);
			defaultConfigurationIsVisible = 0;
			defaultConfigurationName = Release;
		};
		96DF201F22BAB27400DCD3AD /* Build configuration list for PBXNativeTarget "MemeMe" */ = {
			isa = XCConfigurationList;
			buildConfigurations = (
				96DF202022BAB27400DCD3AD /* Debug */,
				96DF202122BAB27400DCD3AD /* Release */,
			);
			defaultConfigurationIsVisible = 0;
			defaultConfigurationName = Release;
		};
/* End XCConfigurationList section */
	};
	rootObject = 96DF200522BAB27300DCD3AD /* Project object */;
}
